
Microsoft Visual Studio Solution File, Format Version 12.00
# Visual Studio Version 17
VisualStudioVersion = 17.5.002.0
MinimumVisualStudioVersion = 10.0.40219.1
Project("{9A19103F-16F7-4668-BE54-9A1E7A4F7556}") = "PizzariaAPI", "PizzariaAPI.csproj", "{4295A1C6-DF94-4180-989F-D202A4CC6C64}"
EndProject
Global
	GlobalSection(SolutionConfigurationPlatforms) = preSolution
		Debug|Any CPU = Debug|Any CPU
		Release|Any CPU = Release|Any CPU
	EndGlobalSection
	GlobalSection(ProjectConfigurationPlatforms) = postSolution
		{4295A1C6-DF94-4180-989F-D202A4CC6C64}.Debug|Any CPU.ActiveCfg = Debug|Any CPU
		{4295A1C6-DF94-4180-989F-D202A4CC6C64}.Debug|Any CPU.Build.0 = Debug|Any CPU
		{4295A1C6-DF94-4180-989F-D202A4CC6C64}.Release|Any CPU.ActiveCfg = Release|Any CPU
		{4295A1C6-DF94-4180-989F-D202A4CC6C64}.Release|Any CPU.Build.0 = Release|Any CPU
	EndGlobalSection
	GlobalSection(SolutionProperties) = preSolution
		HideSolutionNode = FALSE
	EndGlobalSection
	GlobalSection(ExtensibilityGlobals) = postSolution
		SolutionGuid = {73D9D530-4253-421E-9BD9-8858666CF5AD}
	EndGlobalSection
EndGlobal
